
Microsoft Visual Studio Solution File, Format Version 12.00
# Visual Studio Version 17
VisualStudioVersion = 17.5.002.0
MinimumVisualStudioVersion = 10.0.40219.1
Project("{9A19103F-16F7-4668-BE54-9A1E7A4F7556}") = "THAMCOMVC", "THAMCOMVC.csproj", "{E7B8C337-3343-436F-8131-ED4780BBCD34}"
EndProject
Project("{FAE04EC0-301F-11D3-BF4B-00C04F79EFBC}") = "THAMCOTEST", "THAMCOTEST\THAMCOTEST.csproj", "{3303927C-8A1D-4151-8A25-62F1A326F9F0}"
EndProject
Global
	GlobalSection(SolutionConfigurationPlatforms) = preSolution
		Debug|Any CPU = Debug|Any CPU
		Release|Any CPU = Release|Any CPU
	EndGlobalSection
	GlobalSection(ProjectConfigurationPlatforms) = postSolution
		{E7B8C337-3343-436F-8131-ED4780BBCD34}.Debug|Any CPU.ActiveCfg = Debug|Any CPU
		{E7B8C337-3343-436F-8131-ED4780BBCD34}.Debug|Any CPU.Build.0 = Debug|Any CPU
		{E7B8C337-3343-436F-8131-ED4780BBCD34}.Release|Any CPU.ActiveCfg = Release|Any CPU
		{E7B8C337-3343-436F-8131-ED4780BBCD34}.Release|Any CPU.Build.0 = Release|Any CPU
		{3303927C-8A1D-4151-8A25-62F1A326F9F0}.Debug|Any CPU.ActiveCfg = Debug|Any CPU
		{3303927C-8A1D-4151-8A25-62F1A326F9F0}.Debug|Any CPU.Build.0 = Debug|Any CPU
		{3303927C-8A1D-4151-8A25-62F1A326F9F0}.Release|Any CPU.ActiveCfg = Release|Any CPU
		{3303927C-8A1D-4151-8A25-62F1A326F9F0}.Release|Any CPU.Build.0 = Release|Any CPU
	EndGlobalSection
	GlobalSection(SolutionProperties) = preSolution
		HideSolutionNode = FALSE
	EndGlobalSection
	GlobalSection(ExtensibilityGlobals) = postSolution
		SolutionGuid = {B5D453E0-B8A3-416A-8B85-C36ED78156A8}
	EndGlobalSection
EndGlobal
